{
  "name": "ja.lightsing.me",
  "version": "0.1.0",
  "lockfileVersion": 1,
  "requires": true,
  "dependencies": {
    "abplayer-html5": {
      "version": "git+https://github.com/zacyu/ABPlayerHTML5-bilibili-ver.git#9d1bd795615b861c92af86415523fcae84e5a090",
      "requires": {
        "comment-core-library": "0.9.3"
      }
    },
    "comment-core-library": {
      "version": "0.9.3",
      "resolved": "https://registry.npmjs.org/comment-core-library/-/comment-core-library-0.9.3.tgz",
      "integrity": "sha1-wQnS8GTJqOCtPCxj5vLfPkbTTH0="
    },
    "jquery": {
      "version": "3.3.1",
      "resolved": "https://registry.npmjs.org/jquery/-/jquery-3.3.1.tgz",
      "integrity": "sha512-Ubldcmxp5np52/ENotGxlLe6aGMvmF4R8S6tZjsP6Knsaxd/xp3Zrh50cG93lR6nPXyUFwzN3ZSOQI0wRJNdGg=="
    },
    "normalize.css": {
      "version": "8.0.0",
      "resolved": "https://registry.npmjs.org/normalize.css/-/normalize.css-8.0.0.tgz",
      "integrity": "sha512-iXcbM3NWr0XkNyfiSBsoPezi+0V92P9nj84yVV1/UZxRUrGczgX/X91KMAGM0omWLY2+2Q1gKD/XRn4gQRDB2A=="
    }
  }
}
